
Microsoft Visual Studio Solution File, Format Version 12.00
# Visual Studio Version 17
VisualStudioVersion = 17.3.32901.215
MinimumVisualStudioVersion = 10.0.40219.1
Project("{9A19103F-16F7-4668-BE54-9A1E7A4F7556}") = "Tic-tac-Toe", "ConsoleApp1\Tic-tac-Toe.csproj", "{136B72D0-F3B2-4DFD-85CF-C107C03F8C75}"
EndProject
Global
	GlobalSection(SolutionConfigurationPlatforms) = preSolution
		Debug|Any CPU = Debug|Any CPU
		Release|Any CPU = Release|Any CPU
	EndGlobalSection
	GlobalSection(ProjectConfigurationPlatforms) = postSolution
		{136B72D0-F3B2-4DFD-85CF-C107C03F8C75}.Debug|Any CPU.ActiveCfg = Debug|Any CPU
		{136B72D0-F3B2-4DFD-85CF-C107C03F8C75}.Debug|Any CPU.Build.0 = Debug|Any CPU
		{136B72D0-F3B2-4DFD-85CF-C107C03F8C75}.Release|Any CPU.ActiveCfg = Release|Any CPU
		{136B72D0-F3B2-4DFD-85CF-C107C03F8C75}.Release|Any CPU.Build.0 = Release|Any CPU
	EndGlobalSection
	GlobalSection(SolutionProperties) = preSolution
		HideSolutionNode = FALSE
	EndGlobalSection
	GlobalSection(ExtensibilityGlobals) = postSolution
		SolutionGuid = {DD5EEA38-F175-45C2-80A8-3E7519F567BE}
	EndGlobalSection
EndGlobal
